
Microsoft Visual Studio Solution File, Format Version 12.00
# Visual Studio Version 17
VisualStudioVersion = 17.13.35825.156 d17.13
MinimumVisualStudioVersion = 10.0.40219.1
Project("{FAE04EC0-301F-11D3-BF4B-00C04F79EFBC}") = "tpmodul12_2211104004", "tpmodul12_2211104004.csproj", "{F7484B14-FFB4-4CD9-BCEF-E6470A36748B}"
EndProject
Project("{FAE04EC0-301F-11D3-BF4B-00C04F79EFBC}") = "tpmodul12_2211104004.Tests", "..\tpmodul12_2211104004.Tests\tpmodul12_2211104004.Tests.csproj", "{C66987C6-5425-43E1-8CBA-38B74FE6FDE1}"
EndProject
Global
	GlobalSection(SolutionConfigurationPlatforms) = preSolution
		Debug|Any CPU = Debug|Any CPU
		Release|Any CPU = Release|Any CPU
	EndGlobalSection
	GlobalSection(ProjectConfigurationPlatforms) = postSolution
		{F7484B14-FFB4-4CD9-BCEF-E6470A36748B}.Debug|Any CPU.ActiveCfg = Debug|Any CPU
		{F7484B14-FFB4-4CD9-BCEF-E6470A36748B}.Debug|Any CPU.Build.0 = Debug|Any CPU
		{F7484B14-FFB4-4CD9-BCEF-E6470A36748B}.Release|Any CPU.ActiveCfg = Release|Any CPU
		{F7484B14-FFB4-4CD9-BCEF-E6470A36748B}.Release|Any CPU.Build.0 = Release|Any CPU
		{C66987C6-5425-43E1-8CBA-38B74FE6FDE1}.Debug|Any CPU.ActiveCfg = Debug|Any CPU
		{C66987C6-5425-43E1-8CBA-38B74FE6FDE1}.Debug|Any CPU.Build.0 = Debug|Any CPU
		{C66987C6-5425-43E1-8CBA-38B74FE6FDE1}.Release|Any CPU.ActiveCfg = Release|Any CPU
		{C66987C6-5425-43E1-8CBA-38B74FE6FDE1}.Release|Any CPU.Build.0 = Release|Any CPU
	EndGlobalSection
	GlobalSection(SolutionProperties) = preSolution
		HideSolutionNode = FALSE
	EndGlobalSection
	GlobalSection(ExtensibilityGlobals) = postSolution
		SolutionGuid = {F2F8DAA5-16A0-4AE8-A292-BAE1B3055C41}
	EndGlobalSection
EndGlobal
