
Microsoft Visual Studio Solution File, Format Version 12.00
# Visual Studio Version 17
VisualStudioVersion = 17.13.35825.156 d17.13
MinimumVisualStudioVersion = 10.0.40219.1
Project("{FAE04EC0-301F-11D3-BF4B-00C04F79EFBC}") = "Hello Word", "Hello Word.csproj", "{DD3B5830-0306-4CD2-A1B8-6EB8E844F49B}"
EndProject
Global
	GlobalSection(SolutionConfigurationPlatforms) = preSolution
		Debug|Any CPU = Debug|Any CPU
		Release|Any CPU = Release|Any CPU
	EndGlobalSection
	GlobalSection(ProjectConfigurationPlatforms) = postSolution
		{DD3B5830-0306-4CD2-A1B8-6EB8E844F49B}.Debug|Any CPU.ActiveCfg = Debug|Any CPU
		{DD3B5830-0306-4CD2-A1B8-6EB8E844F49B}.Debug|Any CPU.Build.0 = Debug|Any CPU
		{DD3B5830-0306-4CD2-A1B8-6EB8E844F49B}.Release|Any CPU.ActiveCfg = Release|Any CPU
		{DD3B5830-0306-4CD2-A1B8-6EB8E844F49B}.Release|Any CPU.Build.0 = Release|Any CPU
	EndGlobalSection
	GlobalSection(SolutionProperties) = preSolution
		HideSolutionNode = FALSE
	EndGlobalSection
	GlobalSection(ExtensibilityGlobals) = postSolution
		SolutionGuid = {196E0827-8019-4395-A051-D74DD5F6E96C}
	EndGlobalSection
EndGlobal
