
Microsoft Visual Studio Solution File, Format Version 12.00
# Visual Studio Version 17
VisualStudioVersion = 17.13.35825.156 d17.13
MinimumVisualStudioVersion = 10.0.40219.1
Project("{FAE04EC0-301F-11D3-BF4B-00C04F79EFBC}") = "tpmodul5_2211104004", "tpmodul5_2211104004.csproj", "{802E0AE2-C6F6-44CC-8D2F-E57470258D09}"
EndProject
Global
	GlobalSection(SolutionConfigurationPlatforms) = preSolution
		Debug|Any CPU = Debug|Any CPU
		Release|Any CPU = Release|Any CPU
	EndGlobalSection
	GlobalSection(ProjectConfigurationPlatforms) = postSolution
		{802E0AE2-C6F6-44CC-8D2F-E57470258D09}.Debug|Any CPU.ActiveCfg = Debug|Any CPU
		{802E0AE2-C6F6-44CC-8D2F-E57470258D09}.Debug|Any CPU.Build.0 = Debug|Any CPU
		{802E0AE2-C6F6-44CC-8D2F-E57470258D09}.Release|Any CPU.ActiveCfg = Release|Any CPU
		{802E0AE2-C6F6-44CC-8D2F-E57470258D09}.Release|Any CPU.Build.0 = Release|Any CPU
	EndGlobalSection
	GlobalSection(SolutionProperties) = preSolution
		HideSolutionNode = FALSE
	EndGlobalSection
	GlobalSection(ExtensibilityGlobals) = postSolution
		SolutionGuid = {D24880A5-9A23-4B3B-B660-B51CA0F53919}
	EndGlobalSection
EndGlobal
