
Microsoft Visual Studio Solution File, Format Version 12.00
# Visual Studio Version 17
VisualStudioVersion = 17.13.35825.156 d17.13
MinimumVisualStudioVersion = 10.0.40219.1
Project("{FAE04EC0-301F-11D3-BF4B-00C04F79EFBC}") = "modul6_2211104004", "modul6_2211104004.csproj", "{E300DA67-4FD5-4DCA-B3B9-3001DA0630ED}"
EndProject
Global
	GlobalSection(SolutionConfigurationPlatforms) = preSolution
		Debug|Any CPU = Debug|Any CPU
		Release|Any CPU = Release|Any CPU
	EndGlobalSection
	GlobalSection(ProjectConfigurationPlatforms) = postSolution
		{E300DA67-4FD5-4DCA-B3B9-3001DA0630ED}.Debug|Any CPU.ActiveCfg = Debug|Any CPU
		{E300DA67-4FD5-4DCA-B3B9-3001DA0630ED}.Debug|Any CPU.Build.0 = Debug|Any CPU
		{E300DA67-4FD5-4DCA-B3B9-3001DA0630ED}.Release|Any CPU.ActiveCfg = Release|Any CPU
		{E300DA67-4FD5-4DCA-B3B9-3001DA0630ED}.Release|Any CPU.Build.0 = Release|Any CPU
	EndGlobalSection
	GlobalSection(SolutionProperties) = preSolution
		HideSolutionNode = FALSE
	EndGlobalSection
	GlobalSection(ExtensibilityGlobals) = postSolution
		SolutionGuid = {E212F830-421D-415E-9A99-9F764995012F}
	EndGlobalSection
EndGlobal
