
Microsoft Visual Studio Solution File, Format Version 12.00
# Visual Studio Version 17
VisualStudioVersion = 17.13.35825.156 d17.13
MinimumVisualStudioVersion = 10.0.40219.1
Project("{FAE04EC0-301F-11D3-BF4B-00C04F79EFBC}") = "PerhitunganCore", "PerhitunganCore.csproj", "{FC2AE662-3C2C-450C-A744-87804CD6546B}"
EndProject
Project("{FAE04EC0-301F-11D3-BF4B-00C04F79EFBC}") = "HelloWorldTest", "..\HelloWorldTest\HelloWorldTest.csproj", "{1AEBDC09-5E98-40CB-9FD1-5B655FA5BDBF}"
EndProject
Global
	GlobalSection(SolutionConfigurationPlatforms) = preSolution
		Debug|Any CPU = Debug|Any CPU
		Release|Any CPU = Release|Any CPU
	EndGlobalSection
	GlobalSection(ProjectConfigurationPlatforms) = postSolution
		{FC2AE662-3C2C-450C-A744-87804CD6546B}.Debug|Any CPU.ActiveCfg = Debug|Any CPU
		{FC2AE662-3C2C-450C-A744-87804CD6546B}.Debug|Any CPU.Build.0 = Debug|Any CPU
		{FC2AE662-3C2C-450C-A744-87804CD6546B}.Release|Any CPU.ActiveCfg = Release|Any CPU
		{FC2AE662-3C2C-450C-A744-87804CD6546B}.Release|Any CPU.Build.0 = Release|Any CPU
		{1AEBDC09-5E98-40CB-9FD1-5B655FA5BDBF}.Debug|Any CPU.ActiveCfg = Debug|Any CPU
		{1AEBDC09-5E98-40CB-9FD1-5B655FA5BDBF}.Debug|Any CPU.Build.0 = Debug|Any CPU
		{1AEBDC09-5E98-40CB-9FD1-5B655FA5BDBF}.Release|Any CPU.ActiveCfg = Release|Any CPU
		{1AEBDC09-5E98-40CB-9FD1-5B655FA5BDBF}.Release|Any CPU.Build.0 = Release|Any CPU
	EndGlobalSection
	GlobalSection(SolutionProperties) = preSolution
		HideSolutionNode = FALSE
	EndGlobalSection
	GlobalSection(ExtensibilityGlobals) = postSolution
		SolutionGuid = {9A036F82-0FD9-4A88-B785-DE02A5105610}
	EndGlobalSection
EndGlobal
