
Microsoft Visual Studio Solution File, Format Version 12.00
# Visual Studio Version 17
VisualStudioVersion = 17.13.35825.156 d17.13
MinimumVisualStudioVersion = 10.0.40219.1
Project("{FAE04EC0-301F-11D3-BF4B-00C04F79EFBC}") = "MatematikaConsoleApp", "MatematikaConsoleApp\MatematikaConsoleApp.csproj", "{54C36E1D-F6C6-4A43-87FD-6154CA62E4BB}"
EndProject
Project("{FAE04EC0-301F-11D3-BF4B-00C04F79EFBC}") = "MatematikaLibraries", "MatematikaLibraries\MatematikaLibraries.csproj", "{AF65DBCD-1EB9-4582-B705-45AEB2CD1248}"
EndProject
Global
	GlobalSection(SolutionConfigurationPlatforms) = preSolution
		Debug|Any CPU = Debug|Any CPU
		Release|Any CPU = Release|Any CPU
	EndGlobalSection
	GlobalSection(ProjectConfigurationPlatforms) = postSolution
		{54C36E1D-F6C6-4A43-87FD-6154CA62E4BB}.Debug|Any CPU.ActiveCfg = Debug|Any CPU
		{54C36E1D-F6C6-4A43-87FD-6154CA62E4BB}.Debug|Any CPU.Build.0 = Debug|Any CPU
		{54C36E1D-F6C6-4A43-87FD-6154CA62E4BB}.Release|Any CPU.ActiveCfg = Release|Any CPU
		{54C36E1D-F6C6-4A43-87FD-6154CA62E4BB}.Release|Any CPU.Build.0 = Release|Any CPU
		{AF65DBCD-1EB9-4582-B705-45AEB2CD1248}.Debug|Any CPU.ActiveCfg = Debug|Any CPU
		{AF65DBCD-1EB9-4582-B705-45AEB2CD1248}.Debug|Any CPU.Build.0 = Debug|Any CPU
		{AF65DBCD-1EB9-4582-B705-45AEB2CD1248}.Release|Any CPU.ActiveCfg = Release|Any CPU
		{AF65DBCD-1EB9-4582-B705-45AEB2CD1248}.Release|Any CPU.Build.0 = Release|Any CPU
	EndGlobalSection
	GlobalSection(SolutionProperties) = preSolution
		HideSolutionNode = FALSE
	EndGlobalSection
	GlobalSection(ExtensibilityGlobals) = postSolution
		SolutionGuid = {CD793BC2-FB20-4526-AEB9-5CCE624628D5}
	EndGlobalSection
EndGlobal
