
Microsoft Visual Studio Solution File, Format Version 12.00
# Visual Studio Version 17
VisualStudioVersion = 17.13.35825.156
MinimumVisualStudioVersion = 10.0.40219.1
Project("{FAE04EC0-301F-11D3-BF4B-00C04F79EFBC}") = "AljabarLibraries", "AljabarLibrary\AljabarLibraries.csproj", "{9CDCE6F8-9A5C-47A6-9985-A48FE5FBF00A}"
EndProject
Project("{FAE04EC0-301F-11D3-BF4B-00C04F79EFBC}") = "LibraryConsoleApp", "LibraryConsoleApp\LibraryConsoleApp.csproj", "{9B4A06DA-A28E-45D5-B1DE-97E3546B1A6E}"
EndProject
Global
	GlobalSection(SolutionConfigurationPlatforms) = preSolution
		Debug|Any CPU = Debug|Any CPU
		Release|Any CPU = Release|Any CPU
	EndGlobalSection
	GlobalSection(ProjectConfigurationPlatforms) = postSolution
		{9CDCE6F8-9A5C-47A6-9985-A48FE5FBF00A}.Debug|Any CPU.ActiveCfg = Debug|Any CPU
		{9CDCE6F8-9A5C-47A6-9985-A48FE5FBF00A}.Debug|Any CPU.Build.0 = Debug|Any CPU
		{9CDCE6F8-9A5C-47A6-9985-A48FE5FBF00A}.Release|Any CPU.ActiveCfg = Release|Any CPU
		{9CDCE6F8-9A5C-47A6-9985-A48FE5FBF00A}.Release|Any CPU.Build.0 = Release|Any CPU
		{9B4A06DA-A28E-45D5-B1DE-97E3546B1A6E}.Debug|Any CPU.ActiveCfg = Debug|Any CPU
		{9B4A06DA-A28E-45D5-B1DE-97E3546B1A6E}.Debug|Any CPU.Build.0 = Debug|Any CPU
		{9B4A06DA-A28E-45D5-B1DE-97E3546B1A6E}.Release|Any CPU.ActiveCfg = Release|Any CPU
		{9B4A06DA-A28E-45D5-B1DE-97E3546B1A6E}.Release|Any CPU.Build.0 = Release|Any CPU
	EndGlobalSection
	GlobalSection(SolutionProperties) = preSolution
		HideSolutionNode = FALSE
	EndGlobalSection
	GlobalSection(ExtensibilityGlobals) = postSolution
		SolutionGuid = {ACE19A27-2464-4E6F-BFCD-25A49C2A6A03}
	EndGlobalSection
EndGlobal
