
Microsoft Visual Studio Solution File, Format Version 12.00
# Visual Studio Version 17
VisualStudioVersion = 17.13.35825.156 d17.13
MinimumVisualStudioVersion = 10.0.40219.1
Project("{FAE04EC0-301F-11D3-BF4B-00C04F79EFBC}") = "modul13_2211104004", "modul13_2211104004.csproj", "{B91FEC0E-8342-4403-84F9-F4DCCF8B3383}"
EndProject
Global
	GlobalSection(SolutionConfigurationPlatforms) = preSolution
		Debug|Any CPU = Debug|Any CPU
		Release|Any CPU = Release|Any CPU
	EndGlobalSection
	GlobalSection(ProjectConfigurationPlatforms) = postSolution
		{B91FEC0E-8342-4403-84F9-F4DCCF8B3383}.Debug|Any CPU.ActiveCfg = Debug|Any CPU
		{B91FEC0E-8342-4403-84F9-F4DCCF8B3383}.Debug|Any CPU.Build.0 = Debug|Any CPU
		{B91FEC0E-8342-4403-84F9-F4DCCF8B3383}.Release|Any CPU.ActiveCfg = Release|Any CPU
		{B91FEC0E-8342-4403-84F9-F4DCCF8B3383}.Release|Any CPU.Build.0 = Release|Any CPU
	EndGlobalSection
	GlobalSection(SolutionProperties) = preSolution
		HideSolutionNode = FALSE
	EndGlobalSection
	GlobalSection(ExtensibilityGlobals) = postSolution
		SolutionGuid = {A9C8B2B6-448F-4436-9343-072BFD1AFD11}
	EndGlobalSection
EndGlobal
