
Microsoft Visual Studio Solution File, Format Version 12.00
# Visual Studio Version 17
VisualStudioVersion = 17.13.35825.156 d17.13
MinimumVisualStudioVersion = 10.0.40219.1
Project("{FAE04EC0-301F-11D3-BF4B-00C04F79EFBC}") = "modul12_2211104004", "modul12_2211104004.csproj", "{EFE7CFAE-789F-4F33-A1F1-BA4D04B86920}"
EndProject
Project("{FAE04EC0-301F-11D3-BF4B-00C04F79EFBC}") = "tpmodul12_2211104004.Tests", "..\tpmodul12_2211104004.Tests\tpmodul12_2211104004.Tests.csproj", "{C891C511-7506-479A-B1C7-BEA73F2A1D1F}"
EndProject
Global
	GlobalSection(SolutionConfigurationPlatforms) = preSolution
		Debug|Any CPU = Debug|Any CPU
		Release|Any CPU = Release|Any CPU
	EndGlobalSection
	GlobalSection(ProjectConfigurationPlatforms) = postSolution
		{EFE7CFAE-789F-4F33-A1F1-BA4D04B86920}.Debug|Any CPU.ActiveCfg = Debug|Any CPU
		{EFE7CFAE-789F-4F33-A1F1-BA4D04B86920}.Debug|Any CPU.Build.0 = Debug|Any CPU
		{EFE7CFAE-789F-4F33-A1F1-BA4D04B86920}.Release|Any CPU.ActiveCfg = Release|Any CPU
		{EFE7CFAE-789F-4F33-A1F1-BA4D04B86920}.Release|Any CPU.Build.0 = Release|Any CPU
		{C891C511-7506-479A-B1C7-BEA73F2A1D1F}.Debug|Any CPU.ActiveCfg = Debug|Any CPU
		{C891C511-7506-479A-B1C7-BEA73F2A1D1F}.Debug|Any CPU.Build.0 = Debug|Any CPU
		{C891C511-7506-479A-B1C7-BEA73F2A1D1F}.Release|Any CPU.ActiveCfg = Release|Any CPU
		{C891C511-7506-479A-B1C7-BEA73F2A1D1F}.Release|Any CPU.Build.0 = Release|Any CPU
	EndGlobalSection
	GlobalSection(SolutionProperties) = preSolution
		HideSolutionNode = FALSE
	EndGlobalSection
	GlobalSection(ExtensibilityGlobals) = postSolution
		SolutionGuid = {1FAAAAFF-14EB-483D-B3EA-5E63F64BAA61}
	EndGlobalSection
EndGlobal
