
Microsoft Visual Studio Solution File, Format Version 12.00
# Visual Studio Version 17
VisualStudioVersion = 17.13.35825.156 d17.13
MinimumVisualStudioVersion = 10.0.40219.1
Project("{FAE04EC0-301F-11D3-BF4B-00C04F79EFBC}") = "modul5_2211104004", "modul5_2211104004.csproj", "{056F36BD-5F63-42EB-9D7F-6FDDF16F1153}"
EndProject
Global
	GlobalSection(SolutionConfigurationPlatforms) = preSolution
		Debug|Any CPU = Debug|Any CPU
		Release|Any CPU = Release|Any CPU
	EndGlobalSection
	GlobalSection(ProjectConfigurationPlatforms) = postSolution
		{056F36BD-5F63-42EB-9D7F-6FDDF16F1153}.Debug|Any CPU.ActiveCfg = Debug|Any CPU
		{056F36BD-5F63-42EB-9D7F-6FDDF16F1153}.Debug|Any CPU.Build.0 = Debug|Any CPU
		{056F36BD-5F63-42EB-9D7F-6FDDF16F1153}.Release|Any CPU.ActiveCfg = Release|Any CPU
		{056F36BD-5F63-42EB-9D7F-6FDDF16F1153}.Release|Any CPU.Build.0 = Release|Any CPU
	EndGlobalSection
	GlobalSection(SolutionProperties) = preSolution
		HideSolutionNode = FALSE
	EndGlobalSection
	GlobalSection(ExtensibilityGlobals) = postSolution
		SolutionGuid = {4390FD34-016D-4826-ABA0-E96E23ED3F46}
	EndGlobalSection
EndGlobal
